
Microsoft Visual Studio Solution File, Format Version 12.00
# Visual Studio 2012
Project("{FAE04EC0-301F-11D3-BF4B-00C04F79EFBC}") = "HelloWorld", "HelloWorld\HelloWorld.csproj", "{EFDFCB32-C610-42B6-8220-DBD23F17D5FC}"
EndProject
Global
	GlobalSection(SolutionConfigurationPlatforms) = preSolution
		Debug|Any CPU = Debug|Any CPU
		Release|Any CPU = Release|Any CPU
	EndGlobalSection
	GlobalSection(ProjectConfigurationPlatforms) = postSolution
		{EFDFCB32-C610-42B6-8220-DBD23F17D5FC}.Debug|Any CPU.ActiveCfg = Debug|Any CPU
		{EFDFCB32-C610-42B6-8220-DBD23F17D5FC}.Debug|Any CPU.Build.0 = Debug|Any CPU
		{EFDFCB32-C610-42B6-8220-DBD23F17D5FC}.Release|Any CPU.ActiveCfg = Release|Any CPU
		{EFDFCB32-C610-42B6-8220-DBD23F17D5FC}.Release|Any CPU.Build.0 = Release|Any CPU
	EndGlobalSection
EndGlobal
